
Microsoft Visual Studio Solution File, Format Version 12.00
# Visual Studio Version 16
VisualStudioVersion = 16.0.29025.244
MinimumVisualStudioVersion = 10.0.40219.1
Project("{FAE04EC0-301F-11D3-BF4B-00C04F79EFBC}") = "Practice", "Practice\Practice.csproj", "{15CEA8C3-8865-433F-B344-171E4D05DE55}"
EndProject
Global
	GlobalSection(SolutionConfigurationPlatforms) = preSolution
		Debug|Any CPU = Debug|Any CPU
		Release|Any CPU = Release|Any CPU
	EndGlobalSection
	GlobalSection(ProjectConfigurationPlatforms) = postSolution
		{15CEA8C3-8865-433F-B344-171E4D05DE55}.Debug|Any CPU.ActiveCfg = Debug|Any CPU
		{15CEA8C3-8865-433F-B344-171E4D05DE55}.Debug|Any CPU.Build.0 = Debug|Any CPU
		{15CEA8C3-8865-433F-B344-171E4D05DE55}.Release|Any CPU.ActiveCfg = Release|Any CPU
		{15CEA8C3-8865-433F-B344-171E4D05DE55}.Release|Any CPU.Build.0 = Release|Any CPU
	EndGlobalSection
	GlobalSection(SolutionProperties) = preSolution
		HideSolutionNode = FALSE
	EndGlobalSection
	GlobalSection(ExtensibilityGlobals) = postSolution
		SolutionGuid = {63F4D37A-DB0D-44C3-B5CA-D975CC25D030}
	EndGlobalSection
EndGlobal
